{
  "name": "pugneum-repository",
  "lockfileVersion": 3,
  "requires": true,
  "packages": {
    "": {
      "name": "pugneum-repository",
      "license": "MIT",
      "workspaces": [
        "packages/error",
        "packages/lexer",
        "packages/parser",
        "packages/loader",
        "packages/linker",
        "packages/filterer",
        "packages/renderer",
        "packages/walker",
        "packages/pugneum",
        "packages/filter/highlight.js",
        "packages/filter/prismjs"
      ],
      "devDependencies": {
        "prettier": "^3.0.2"
      },
      "funding": {
        "url": "https://github.com/sponsors/matheusmoreira"
      }
    },
    "node_modules/character-parser": {
      "version": "4.0.0",
      "resolved": "https://registry.npmjs.org/character-parser/-/character-parser-4.0.0.tgz",
      "integrity": "sha512-jWburCrDpd+aPopB7esjh/gLyZoHZS4C2xwwJlkTPyhhJdXG+FCG0P4qCOInvOd9yhiuAEJYlZsUMQ0JSK4ykw==",
      "dev": true
    },
    "node_modules/highlight.js": {
      "version": "11.8.0",
      "resolved": "https://registry.npmjs.org/highlight.js/-/highlight.js-11.8.0.tgz",
      "integrity": "sha512-MedQhoqVdr0U6SSnWPzfiadUcDHfN/Wzq25AkXiQv9oiOO/sG0S7XkvpFIqWBl9Yq1UYyYOOVORs5UW2XlPyzg==",
      "engines": {
        "node": ">=12.0.0"
      }
    },
    "node_modules/prettier": {
      "version": "3.0.3",
      "resolved": "https://registry.npmjs.org/prettier/-/prettier-3.0.3.tgz",
      "integrity": "sha512-L/4pUDMxcNa8R/EthV08Zt42WBO4h1rarVtK0K+QJG0X187OLo7l699jWw0GKuwzkPQ//jMFA/8Xm6Fh3J/DAg==",
      "dev": true,
      "bin": {
        "prettier": "bin/prettier.cjs"
      },
      "engines": {
        "node": ">=14"
      },
      "funding": {
        "url": "https://github.com/prettier/prettier?sponsor=1"
      }
    },
    "node_modules/prism-minmaxed": {
      "version": "1.0.0",
      "resolved": "https://registry.npmjs.org/prism-minmaxed/-/prism-minmaxed-1.0.0.tgz",
      "integrity": "sha512-yt+Na1vq/a3+/J5A3HTPb2db4MNclBWvhbzKgQv8wbK6GNhqthJY8Cu+FWvWONubHnPIdi9hx6XsXrcqO2NEVg==",
      "engines": {
        "node": ">=6"
      },
      "funding": {
        "url": "https://github.com/sponsors/matheusmoreira"
      }
    },
    "node_modules/pugneum": {
      "resolved": "packages/pugneum",
      "link": true
    },
    "node_modules/pugneum-error": {
      "resolved": "packages/error",
      "link": true
    },
    "node_modules/pugneum-filter-highlight.js": {
      "resolved": "packages/filter/highlight.js",
      "link": true
    },
    "node_modules/pugneum-filter-prismjs": {
      "resolved": "packages/filter/prismjs",
      "link": true
    },
    "node_modules/pugneum-filterer": {
      "resolved": "packages/filterer",
      "link": true
    },
    "node_modules/pugneum-lexer": {
      "resolved": "packages/lexer",
      "link": true
    },
    "node_modules/pugneum-linker": {
      "resolved": "packages/linker",
      "link": true
    },
    "node_modules/pugneum-loader": {
      "resolved": "packages/loader",
      "link": true
    },
    "node_modules/pugneum-parser": {
      "resolved": "packages/parser",
      "link": true
    },
    "node_modules/pugneum-renderer": {
      "resolved": "packages/renderer",
      "link": true
    },
    "node_modules/pugneum-walker": {
      "resolved": "packages/walker",
      "link": true
    },
    "node_modules/token-stream": {
      "version": "1.0.0",
      "resolved": "https://registry.npmjs.org/token-stream/-/token-stream-1.0.0.tgz",
      "integrity": "sha512-VSsyNPPW74RpHwR8Fc21uubwHY7wMDeJLys2IX5zJNih+OnAnaifKHo+1LHT7DAdloQ7apeaaWg8l7qnf/TnEg==",
      "dev": true
    },
    "packages/error": {
      "name": "pugneum-error",
      "version": "1.0.0",
      "license": "MIT",
      "funding": {
        "url": "https://github.com/sponsors/matheusmoreira"
      }
    },
    "packages/filter/highlight.js": {
      "name": "pugneum-filter-highlight.js",
      "version": "0.2.0",
      "license": "MIT",
      "dependencies": {
        "highlight.js": "^11.8.0"
      },
      "devDependencies": {
        "pugneum-filterer": "^0.2.0",
        "pugneum-lexer": "^0.2.0",
        "pugneum-parser": "^0.2.0"
      },
      "funding": {
        "url": "https://github.com/sponsors/matheusmoreira"
      },
      "peerDependencies": {
        "pugneum-filterer": "^0.2.0"
      }
    },
    "packages/filter/highlight.js/node_modules/pugneum-error": {
      "version": "0.2.0",
      "resolved": "https://registry.npmjs.org/pugneum-error/-/pugneum-error-0.2.0.tgz",
      "integrity": "sha512-rXAM+UzUWDXhQgqBYWZraR4GKbmYXzNcz2mWZ8dotJ+yksvVUlA414dkzSnqwAdHhD0NqpWgI0GIAZOkEiJekA==",
      "dev": true,
      "funding": {
        "url": "https://github.com/sponsors/matheusmoreira"
      }
    },
    "packages/filter/highlight.js/node_modules/pugneum-filterer": {
      "version": "0.2.0",
      "resolved": "https://registry.npmjs.org/pugneum-filterer/-/pugneum-filterer-0.2.0.tgz",
      "integrity": "sha512-NIqrC3fBZci5IvFNGi3rCMu6dKJyOqHhZpDw5cNoT7OG/hp95s73u45uyNBOLQxJ7w5ukCcNYRpQXITgfFJ1ag==",
      "dev": true,
      "dependencies": {
        "pugneum-error": "^0.2.0",
        "pugneum-walker": "^0.2.0"
      },
      "funding": {
        "url": "https://github.com/sponsors/matheusmoreira"
      }
    },
    "packages/filter/highlight.js/node_modules/pugneum-lexer": {
      "version": "0.2.0",
      "resolved": "https://registry.npmjs.org/pugneum-lexer/-/pugneum-lexer-0.2.0.tgz",
      "integrity": "sha512-WgozG5VmJjk6aC2D0K3FVKFQUzZd51TW6MV8R/qOkI+uXPHqt3x91XM1hnj8HQZxWAcJrLEkGMYBQM24HyILjA==",
      "dev": true,
      "dependencies": {
        "character-parser": "^4.0.0",
        "pugneum-error": "^0.2.0"
      },
      "funding": {
        "url": "https://github.com/sponsors/matheusmoreira"
      }
    },
    "packages/filter/highlight.js/node_modules/pugneum-parser": {
      "version": "0.2.0",
      "resolved": "https://registry.npmjs.org/pugneum-parser/-/pugneum-parser-0.2.0.tgz",
      "integrity": "sha512-Dw08ycovh1NjevYZKF5j/K8xo6GtTto0ioz+WcTVckjy0LtW8rjURgCETBrSE4aZaUrBFUGatHc2WL90ITotew==",
      "dev": true,
      "dependencies": {
        "pugneum-error": "^0.2.0",
        "token-stream": "1.0.0"
      },
      "funding": {
        "url": "https://github.com/sponsors/matheusmoreira"
      }
    },
    "packages/filter/highlight.js/node_modules/pugneum-walker": {
      "version": "0.2.0",
      "resolved": "https://registry.npmjs.org/pugneum-walker/-/pugneum-walker-0.2.0.tgz",
      "integrity": "sha512-6LgddfXaSMSg+/0E9SWJqy1K8/41RTQN3WMhhyJe3ZXoSXrbpGxjDu7I2DpJzKxiOp8DIdyho9q5V56QADa0MA==",
      "dev": true,
      "funding": {
        "url": "https://github.com/sponsors/matheusmoreira"
      }
    },
    "packages/filter/prismjs": {
      "name": "pugneum-filter-prismjs",
      "version": "0.1.0",
      "license": "MIT",
      "dependencies": {
        "prism-minmaxed": "^1.0.0"
      },
      "devDependencies": {
        "pugneum-filterer": "^0.2.0",
        "pugneum-lexer": "^0.2.0",
        "pugneum-parser": "^0.2.0"
      },
      "funding": {
        "url": "https://github.com/sponsors/matheusmoreira"
      },
      "peerDependencies": {
        "pugneum-filterer": "^0.2.0"
      }
    },
    "packages/filter/prismjs/node_modules/pugneum-error": {
      "version": "0.2.0",
      "resolved": "https://registry.npmjs.org/pugneum-error/-/pugneum-error-0.2.0.tgz",
      "integrity": "sha512-rXAM+UzUWDXhQgqBYWZraR4GKbmYXzNcz2mWZ8dotJ+yksvVUlA414dkzSnqwAdHhD0NqpWgI0GIAZOkEiJekA==",
      "dev": true,
      "funding": {
        "url": "https://github.com/sponsors/matheusmoreira"
      }
    },
    "packages/filter/prismjs/node_modules/pugneum-filterer": {
      "version": "0.2.0",
      "resolved": "https://registry.npmjs.org/pugneum-filterer/-/pugneum-filterer-0.2.0.tgz",
      "integrity": "sha512-NIqrC3fBZci5IvFNGi3rCMu6dKJyOqHhZpDw5cNoT7OG/hp95s73u45uyNBOLQxJ7w5ukCcNYRpQXITgfFJ1ag==",
      "dev": true,
      "dependencies": {
        "pugneum-error": "^0.2.0",
        "pugneum-walker": "^0.2.0"
      },
      "funding": {
        "url": "https://github.com/sponsors/matheusmoreira"
      }
    },
    "packages/filter/prismjs/node_modules/pugneum-lexer": {
      "version": "0.2.0",
      "resolved": "https://registry.npmjs.org/pugneum-lexer/-/pugneum-lexer-0.2.0.tgz",
      "integrity": "sha512-WgozG5VmJjk6aC2D0K3FVKFQUzZd51TW6MV8R/qOkI+uXPHqt3x91XM1hnj8HQZxWAcJrLEkGMYBQM24HyILjA==",
      "dev": true,
      "dependencies": {
        "character-parser": "^4.0.0",
        "pugneum-error": "^0.2.0"
      },
      "funding": {
        "url": "https://github.com/sponsors/matheusmoreira"
      }
    },
    "packages/filter/prismjs/node_modules/pugneum-parser": {
      "version": "0.2.0",
      "resolved": "https://registry.npmjs.org/pugneum-parser/-/pugneum-parser-0.2.0.tgz",
      "integrity": "sha512-Dw08ycovh1NjevYZKF5j/K8xo6GtTto0ioz+WcTVckjy0LtW8rjURgCETBrSE4aZaUrBFUGatHc2WL90ITotew==",
      "dev": true,
      "dependencies": {
        "pugneum-error": "^0.2.0",
        "token-stream": "1.0.0"
      },
      "funding": {
        "url": "https://github.com/sponsors/matheusmoreira"
      }
    },
    "packages/filter/prismjs/node_modules/pugneum-walker": {
      "version": "0.2.0",
      "resolved": "https://registry.npmjs.org/pugneum-walker/-/pugneum-walker-0.2.0.tgz",
      "integrity": "sha512-6LgddfXaSMSg+/0E9SWJqy1K8/41RTQN3WMhhyJe3ZXoSXrbpGxjDu7I2DpJzKxiOp8DIdyho9q5V56QADa0MA==",
      "dev": true,
      "funding": {
        "url": "https://github.com/sponsors/matheusmoreira"
      }
    },
    "packages/filterer": {
      "name": "pugneum-filterer",
      "version": "0.3.0",
      "license": "MIT",
      "dependencies": {
        "pugneum-error": "^1.0.0",
        "pugneum-walker": "^0.3.0"
      },
      "devDependencies": {
        "pugneum-filter-highlight.js": "^0.2.0",
        "pugneum-lexer": "^0.3.0",
        "pugneum-parser": "^0.3.0"
      },
      "funding": {
        "url": "https://github.com/sponsors/matheusmoreira"
      }
    },
    "packages/lexer": {
      "name": "pugneum-lexer",
      "version": "0.3.0",
      "license": "MIT",
      "dependencies": {
        "pugneum-error": "^1.0.0"
      },
      "funding": {
        "url": "https://github.com/sponsors/matheusmoreira"
      }
    },
    "packages/linker": {
      "name": "pugneum-linker",
      "version": "0.3.0",
      "license": "MIT",
      "dependencies": {
        "pugneum-error": "^1.0.0",
        "pugneum-walker": "^0.3.0"
      },
      "devDependencies": {
        "pugneum-lexer": "^0.3.0",
        "pugneum-loader": "^0.3.0",
        "pugneum-parser": "^0.3.0"
      },
      "funding": {
        "url": "https://github.com/sponsors/matheusmoreira"
      }
    },
    "packages/loader": {
      "name": "pugneum-loader",
      "version": "0.3.0",
      "license": "MIT",
      "dependencies": {
        "pugneum-walker": "^0.3.0"
      },
      "devDependencies": {
        "pugneum-lexer": "^0.3.0",
        "pugneum-parser": "^0.3.0"
      },
      "funding": {
        "url": "https://github.com/sponsors/matheusmoreira"
      }
    },
    "packages/parser": {
      "name": "pugneum-parser",
      "version": "0.3.1",
      "license": "MIT",
      "dependencies": {
        "pugneum-error": "^1.0.0"
      },
      "devDependencies": {
        "pugneum-lexer": "^0.3.0"
      },
      "funding": {
        "url": "https://github.com/sponsors/matheusmoreira"
      }
    },
    "packages/pugneum": {
      "version": "0.3.0",
      "license": "MIT",
      "dependencies": {
        "pugneum-filterer": "^0.3.0",
        "pugneum-lexer": "^0.3.0",
        "pugneum-linker": "^0.3.0",
        "pugneum-loader": "^0.3.0",
        "pugneum-parser": "^0.3.1",
        "pugneum-renderer": "^0.3.0"
      },
      "bin": {
        "pugneum": "cli.js"
      },
      "funding": {
        "url": "https://github.com/sponsors/matheusmoreira"
      }
    },
    "packages/renderer": {
      "name": "pugneum-renderer",
      "version": "0.3.0",
      "license": "MIT",
      "dependencies": {
        "pugneum-error": "^1.0.0"
      },
      "funding": {
        "url": "https://github.com/sponsors/matheusmoreira"
      }
    },
    "packages/walker": {
      "name": "pugneum-walker",
      "version": "0.3.0",
      "license": "MIT",
      "devDependencies": {
        "pugneum-lexer": "^0.3.0",
        "pugneum-parser": "^0.3.0"
      },
      "funding": {
        "url": "https://github.com/sponsors/matheusmoreira"
      }
    }
  }
}
